
Microsoft Visual Studio Solution File, Format Version 12.00
# Visual Studio 15
VisualStudioVersion = 15.0.27130.2027
MinimumVisualStudioVersion = 10.0.40219.1
Project("{FAE04EC0-301F-11D3-BF4B-00C04F79EFBC}") = "P01_HospitalDatabase", "04.CodeFirst\P01_HospitalDatabase.csproj", "{13BF7BB9-376D-4E53-9FD8-E48F6A23C645}"
EndProject
Project("{FAE04EC0-301F-11D3-BF4B-00C04F79EFBC}") = "P03_SalesDatabase", "P03_SalesDatabase\P03_SalesDatabase.csproj", "{715126B8-B509-4AAE-AD5D-6C8406F1DFAD}"
EndProject
Global
	GlobalSection(SolutionConfigurationPlatforms) = preSolution
		Debug|Any CPU = Debug|Any CPU
		Release|Any CPU = Release|Any CPU
	EndGlobalSection
	GlobalSection(ProjectConfigurationPlatforms) = postSolution
		{13BF7BB9-376D-4E53-9FD8-E48F6A23C645}.Debug|Any CPU.ActiveCfg = Debug|Any CPU
		{13BF7BB9-376D-4E53-9FD8-E48F6A23C645}.Debug|Any CPU.Build.0 = Debug|Any CPU
		{13BF7BB9-376D-4E53-9FD8-E48F6A23C645}.Release|Any CPU.ActiveCfg = Release|Any CPU
		{13BF7BB9-376D-4E53-9FD8-E48F6A23C645}.Release|Any CPU.Build.0 = Release|Any CPU
		{715126B8-B509-4AAE-AD5D-6C8406F1DFAD}.Debug|Any CPU.ActiveCfg = Debug|Any CPU
		{715126B8-B509-4AAE-AD5D-6C8406F1DFAD}.Debug|Any CPU.Build.0 = Debug|Any CPU
		{715126B8-B509-4AAE-AD5D-6C8406F1DFAD}.Release|Any CPU.ActiveCfg = Release|Any CPU
		{715126B8-B509-4AAE-AD5D-6C8406F1DFAD}.Release|Any CPU.Build.0 = Release|Any CPU
	EndGlobalSection
	GlobalSection(SolutionProperties) = preSolution
		HideSolutionNode = FALSE
	EndGlobalSection
	GlobalSection(ExtensibilityGlobals) = postSolution
		SolutionGuid = {D5DB1690-CBD1-40E0-97AB-69C012142A3E}
	EndGlobalSection
EndGlobal
