
Microsoft Visual Studio Solution File, Format Version 12.00
# Visual Studio 15
VisualStudioVersion = 15.0.27130.2027
MinimumVisualStudioVersion = 10.0.40219.1
Project("{FAE04EC0-301F-11D3-BF4B-00C04F79EFBC}") = "Shop.App", "AutoMappingExercise\Shop.App.csproj", "{33E09A48-9756-41C4-9CA3-FC101B0EAC6C}"
EndProject
Project("{FAE04EC0-301F-11D3-BF4B-00C04F79EFBC}") = "Shop.Data", "Employee.Data\Shop.Data.csproj", "{7098E30E-3B43-4057-A6A7-926AA852CEF4}"
EndProject
Project("{FAE04EC0-301F-11D3-BF4B-00C04F79EFBC}") = "Shop.Models", "Employee.Models\Shop.Models.csproj", "{D01B6E55-0EAA-4F77-A866-4C69FB0ADBDB}"
EndProject
Global
	GlobalSection(SolutionConfigurationPlatforms) = preSolution
		Debug|Any CPU = Debug|Any CPU
		Release|Any CPU = Release|Any CPU
	EndGlobalSection
	GlobalSection(ProjectConfigurationPlatforms) = postSolution
		{33E09A48-9756-41C4-9CA3-FC101B0EAC6C}.Debug|Any CPU.ActiveCfg = Debug|Any CPU
		{33E09A48-9756-41C4-9CA3-FC101B0EAC6C}.Debug|Any CPU.Build.0 = Debug|Any CPU
		{33E09A48-9756-41C4-9CA3-FC101B0EAC6C}.Release|Any CPU.ActiveCfg = Release|Any CPU
		{33E09A48-9756-41C4-9CA3-FC101B0EAC6C}.Release|Any CPU.Build.0 = Release|Any CPU
		{7098E30E-3B43-4057-A6A7-926AA852CEF4}.Debug|Any CPU.ActiveCfg = Debug|Any CPU
		{7098E30E-3B43-4057-A6A7-926AA852CEF4}.Debug|Any CPU.Build.0 = Debug|Any CPU
		{7098E30E-3B43-4057-A6A7-926AA852CEF4}.Release|Any CPU.ActiveCfg = Release|Any CPU
		{7098E30E-3B43-4057-A6A7-926AA852CEF4}.Release|Any CPU.Build.0 = Release|Any CPU
		{D01B6E55-0EAA-4F77-A866-4C69FB0ADBDB}.Debug|Any CPU.ActiveCfg = Debug|Any CPU
		{D01B6E55-0EAA-4F77-A866-4C69FB0ADBDB}.Debug|Any CPU.Build.0 = Debug|Any CPU
		{D01B6E55-0EAA-4F77-A866-4C69FB0ADBDB}.Release|Any CPU.ActiveCfg = Release|Any CPU
		{D01B6E55-0EAA-4F77-A866-4C69FB0ADBDB}.Release|Any CPU.Build.0 = Release|Any CPU
	EndGlobalSection
	GlobalSection(SolutionProperties) = preSolution
		HideSolutionNode = FALSE
	EndGlobalSection
	GlobalSection(ExtensibilityGlobals) = postSolution
		SolutionGuid = {9D1BA232-DD7A-484A-97F1-88B1C8919DF9}
	EndGlobalSection
EndGlobal
